
Microsoft Visual Studio Solution File, Format Version 12.00
# Visual Studio Version 17
VisualStudioVersion = 17.7.34031.279
MinimumVisualStudioVersion = 10.0.40219.1
Project("{9A19103F-16F7-4668-BE54-9A1E7A4F7556}") = "ConsoleSkill", "ConsoleSkill\ConsoleSkill.csproj", "{889903D8-43EA-453E-8C2B-469729B6D36F}"
EndProject
Project("{9A19103F-16F7-4668-BE54-9A1E7A4F7556}") = "Consoleskill2", "Consoleskill2\Consoleskill2.csproj", "{5855EF85-2005-4556-B16F-CAC353D11E2C}"
EndProject
Project("{9A19103F-16F7-4668-BE54-9A1E7A4F7556}") = "Test", "Test\Test.csproj", "{35D262F7-6575-4B77-A1E1-E96029A018F4}"
EndProject
Project("{9A19103F-16F7-4668-BE54-9A1E7A4F7556}") = "ConsoleSkill3", "ConsoleSkill3\ConsoleSkill3.csproj", "{2DEDF0D8-2CCC-46F1-BDB7-53D06F9DC556}"
EndProject
Project("{9A19103F-16F7-4668-BE54-9A1E7A4F7556}") = "Test2", "Test2\Test2.csproj", "{15EC51DA-095D-44C8-848D-780924700B7C}"
EndProject
Project("{9A19103F-16F7-4668-BE54-9A1E7A4F7556}") = "Q3.7.4", "Q3.7.4\Q3.7.4.csproj", "{71B6C27D-6D67-4FC5-A219-DE1ADA3CA1B6}"
EndProject
Project("{9A19103F-16F7-4668-BE54-9A1E7A4F7556}") = "ConsoleSkill4", "ConsoleSkill4\ConsoleSkill4.csproj", "{206AEEF0-94B9-4693-BB4A-9C554D4AD84F}"
EndProject
Project("{FAE04EC0-301F-11D3-BF4B-00C04F79EFBC}") = "ConsoleSkill5", "ConsoleSkill5\ConsoleSkill5.csproj", "{2E4CD0D5-2EBB-42F0-9104-F3ACA17F935F}"
EndProject
Global
	GlobalSection(SolutionConfigurationPlatforms) = preSolution
		Debug|Any CPU = Debug|Any CPU
		Release|Any CPU = Release|Any CPU
	EndGlobalSection
	GlobalSection(ProjectConfigurationPlatforms) = postSolution
		{889903D8-43EA-453E-8C2B-469729B6D36F}.Debug|Any CPU.ActiveCfg = Debug|Any CPU
		{889903D8-43EA-453E-8C2B-469729B6D36F}.Debug|Any CPU.Build.0 = Debug|Any CPU
		{889903D8-43EA-453E-8C2B-469729B6D36F}.Release|Any CPU.ActiveCfg = Release|Any CPU
		{889903D8-43EA-453E-8C2B-469729B6D36F}.Release|Any CPU.Build.0 = Release|Any CPU
		{5855EF85-2005-4556-B16F-CAC353D11E2C}.Debug|Any CPU.ActiveCfg = Debug|Any CPU
		{5855EF85-2005-4556-B16F-CAC353D11E2C}.Debug|Any CPU.Build.0 = Debug|Any CPU
		{5855EF85-2005-4556-B16F-CAC353D11E2C}.Release|Any CPU.ActiveCfg = Release|Any CPU
		{5855EF85-2005-4556-B16F-CAC353D11E2C}.Release|Any CPU.Build.0 = Release|Any CPU
		{35D262F7-6575-4B77-A1E1-E96029A018F4}.Debug|Any CPU.ActiveCfg = Debug|Any CPU
		{35D262F7-6575-4B77-A1E1-E96029A018F4}.Debug|Any CPU.Build.0 = Debug|Any CPU
		{35D262F7-6575-4B77-A1E1-E96029A018F4}.Release|Any CPU.ActiveCfg = Release|Any CPU
		{35D262F7-6575-4B77-A1E1-E96029A018F4}.Release|Any CPU.Build.0 = Release|Any CPU
		{2DEDF0D8-2CCC-46F1-BDB7-53D06F9DC556}.Debug|Any CPU.ActiveCfg = Debug|Any CPU
		{2DEDF0D8-2CCC-46F1-BDB7-53D06F9DC556}.Debug|Any CPU.Build.0 = Debug|Any CPU
		{2DEDF0D8-2CCC-46F1-BDB7-53D06F9DC556}.Release|Any CPU.ActiveCfg = Release|Any CPU
		{2DEDF0D8-2CCC-46F1-BDB7-53D06F9DC556}.Release|Any CPU.Build.0 = Release|Any CPU
		{15EC51DA-095D-44C8-848D-780924700B7C}.Debug|Any CPU.ActiveCfg = Debug|Any CPU
		{15EC51DA-095D-44C8-848D-780924700B7C}.Debug|Any CPU.Build.0 = Debug|Any CPU
		{15EC51DA-095D-44C8-848D-780924700B7C}.Release|Any CPU.ActiveCfg = Release|Any CPU
		{15EC51DA-095D-44C8-848D-780924700B7C}.Release|Any CPU.Build.0 = Release|Any CPU
		{71B6C27D-6D67-4FC5-A219-DE1ADA3CA1B6}.Debug|Any CPU.ActiveCfg = Debug|Any CPU
		{71B6C27D-6D67-4FC5-A219-DE1ADA3CA1B6}.Debug|Any CPU.Build.0 = Debug|Any CPU
		{71B6C27D-6D67-4FC5-A219-DE1ADA3CA1B6}.Release|Any CPU.ActiveCfg = Release|Any CPU
		{71B6C27D-6D67-4FC5-A219-DE1ADA3CA1B6}.Release|Any CPU.Build.0 = Release|Any CPU
		{206AEEF0-94B9-4693-BB4A-9C554D4AD84F}.Debug|Any CPU.ActiveCfg = Debug|Any CPU
		{206AEEF0-94B9-4693-BB4A-9C554D4AD84F}.Debug|Any CPU.Build.0 = Debug|Any CPU
		{206AEEF0-94B9-4693-BB4A-9C554D4AD84F}.Release|Any CPU.ActiveCfg = Release|Any CPU
		{206AEEF0-94B9-4693-BB4A-9C554D4AD84F}.Release|Any CPU.Build.0 = Release|Any CPU
		{2E4CD0D5-2EBB-42F0-9104-F3ACA17F935F}.Debug|Any CPU.ActiveCfg = Debug|Any CPU
		{2E4CD0D5-2EBB-42F0-9104-F3ACA17F935F}.Debug|Any CPU.Build.0 = Debug|Any CPU
		{2E4CD0D5-2EBB-42F0-9104-F3ACA17F935F}.Release|Any CPU.ActiveCfg = Release|Any CPU
		{2E4CD0D5-2EBB-42F0-9104-F3ACA17F935F}.Release|Any CPU.Build.0 = Release|Any CPU
	EndGlobalSection
	GlobalSection(SolutionProperties) = preSolution
		HideSolutionNode = FALSE
	EndGlobalSection
	GlobalSection(ExtensibilityGlobals) = postSolution
		SolutionGuid = {0107F862-03FD-47FD-B80A-78D2438B64D6}
	EndGlobalSection
EndGlobal
