
Microsoft Visual Studio Solution File, Format Version 12.00
# Visual Studio Version 17
VisualStudioVersion = 17.7.34031.279
MinimumVisualStudioVersion = 10.0.40219.1
Project("{9A19103F-16F7-4668-BE54-9A1E7A4F7556}") = "ConsoleSkill", "ConsoleSkill\ConsoleSkill.csproj", "{889903D8-43EA-453E-8C2B-469729B6D36F}"
EndProject
Project("{9A19103F-16F7-4668-BE54-9A1E7A4F7556}") = "Consoleskill2", "Consoleskill2\Consoleskill2.csproj", "{5855EF85-2005-4556-B16F-CAC353D11E2C}"
EndProject
Project("{9A19103F-16F7-4668-BE54-9A1E7A4F7556}") = "Test", "Test\Test.csproj", "{35D262F7-6575-4B77-A1E1-E96029A018F4}"
EndProject
Project("{9A19103F-16F7-4668-BE54-9A1E7A4F7556}") = "ConsoleSkill3", "ConsoleSkill3\ConsoleSkill3.csproj", "{2DEDF0D8-2CCC-46F1-BDB7-53D06F9DC556}"
EndProject
Project("{9A19103F-16F7-4668-BE54-9A1E7A4F7556}") = "Test2", "Test2\Test2.csproj", "{15EC51DA-095D-44C8-848D-780924700B7C}"
EndProject
Project("{9A19103F-16F7-4668-BE54-9A1E7A4F7556}") = "Q3.7.4", "Q3.7.4\Q3.7.4.csproj", "{71B6C27D-6D67-4FC5-A219-DE1ADA3CA1B6}"
EndProject
Project("{9A19103F-16F7-4668-BE54-9A1E7A4F7556}") = "ConsoleSkill4", "ConsoleSkill4\ConsoleSkill4.csproj", "{206AEEF0-94B9-4693-BB4A-9C554D4AD84F}"
EndProject
Project("{9A19103F-16F7-4668-BE54-9A1E7A4F7556}") = "ConsoleSkill5", "ConsoleSkill5\ConsoleSkill5.csproj", "{2E4CD0D5-2EBB-42F0-9104-F3ACA17F935F}"
EndProject
Project("{9A19103F-16F7-4668-BE54-9A1E7A4F7556}") = "Q4.1.17", "Q4.1.17\Q4.1.17.csproj", "{B315C2B0-73DF-4451-89F2-D8F0079F1171}"
EndProject
Project("{9A19103F-16F7-4668-BE54-9A1E7A4F7556}") = "Q4.1.18", "Q4.1.18\Q4.1.18.csproj", "{CF6541AD-9528-498A-9E8E-2B5868548E18}"
EndProject
Project("{9A19103F-16F7-4668-BE54-9A1E7A4F7556}") = "ConsoleSkill6", "ConsoleSkill6\ConsoleSkill6.csproj", "{EA374915-BF7B-4A8D-A7D1-918498A322B3}"
EndProject
Project("{9A19103F-16F7-4668-BE54-9A1E7A4F7556}") = "ConsoleSkill8", "ConsoleSkill8\ConsoleSkill8.csproj", "{19E2A57A-7096-4F3A-90A5-8ACBE0C3964A}"
EndProject
Project("{9A19103F-16F7-4668-BE54-9A1E7A4F7556}") = "ConsoleSkill9", "ConsoleSkill9\ConsoleSkill9.csproj", "{EF39FAF7-0291-417D-9439-3EE968CE5337}"
EndProject
Project("{9A19103F-16F7-4668-BE54-9A1E7A4F7556}") = "ConsoleSkill10", "ConsoleSkill10\ConsoleSkill10.csproj", "{A17072C5-6332-47DB-A34C-EF315BFBD8E7}"
EndProject
Project("{9A19103F-16F7-4668-BE54-9A1E7A4F7556}") = "Q4.3.12", "Q4.3.12\Q4.3.12.csproj", "{A59FAF7F-8E7B-4039-A6C2-03CA0AF9AC1B}"
EndProject
Project("{9A19103F-16F7-4668-BE54-9A1E7A4F7556}") = "Q4.3.13", "Q4.3.13\Q4.3.13.csproj", "{58572A7D-C5D3-435C-B33F-0A63C3964319}"
EndProject
Project("{9A19103F-16F7-4668-BE54-9A1E7A4F7556}") = "Q4.3.14", "Q4.3.14\Q4.3.14.csproj", "{5582D30B-66E9-40E4-BE81-0B646DD9CFDB}"
EndProject
Project("{9A19103F-16F7-4668-BE54-9A1E7A4F7556}") = "Q4.3.15", "Q4.3.15\Q4.3.15.csproj", "{327B741E-2389-4C38-8237-AAC201496969}"
EndProject
Project("{9A19103F-16F7-4668-BE54-9A1E7A4F7556}") = "Q4.3.16", "Q4.3.16\Q4.3.16.csproj", "{CC40138E-BFFD-4FD3-93D5-D56729F5F96E}"
EndProject
Project("{9A19103F-16F7-4668-BE54-9A1E7A4F7556}") = "Q4.3.17", "Q4.3.17\Q4.3.17.csproj", "{8FC5436B-2316-4CCA-AEA5-F3E1BA067CF5}"
EndProject
Project("{9A19103F-16F7-4668-BE54-9A1E7A4F7556}") = "Q4.4.2", "Q4.4.2\Q4.4.2.csproj", "{42EBF336-4CB9-4C30-8C8C-10E31F6671BE}"
EndProject
Project("{9A19103F-16F7-4668-BE54-9A1E7A4F7556}") = "Q4.4.3", "Q4.4.3\Q4.4.3.csproj", "{DDC6E7D2-6A5B-42DE-A1F2-6DE85C4E8070}"
EndProject
Project("{9A19103F-16F7-4668-BE54-9A1E7A4F7556}") = "Q.4.4.5", "Q.4.4.5\Q.4.4.5.csproj", "{4CE1A6E3-E803-4501-814B-DCE59C502657}"
EndProject
Project("{9A19103F-16F7-4668-BE54-9A1E7A4F7556}") = "ConsoleSkill11", "ConsoleSkill11\ConsoleSkill11.csproj", "{0167188A-FA66-4744-8BF1-3C6FD29DF2E7}"
EndProject
Project("{9A19103F-16F7-4668-BE54-9A1E7A4F7556}") = "ConsoleSkill12", "ConsoleSkill12\ConsoleSkill12.csproj", "{A12C4639-5A0B-4F5F-AE12-E8B05A39F390}"
EndProject
Project("{9A19103F-16F7-4668-BE54-9A1E7A4F7556}") = "Модуль 5", "Модуль 5\Модуль 5.csproj", "{24189EF3-081A-4D95-A057-31F95D880F0B}"
EndProject
Project("{9A19103F-16F7-4668-BE54-9A1E7A4F7556}") = "Q5.1.5", "Q5.1.5\Q5.1.5.csproj", "{A2B195EC-15B3-485E-A510-95C517062D0B}"
EndProject
Project("{9A19103F-16F7-4668-BE54-9A1E7A4F7556}") = "Q5.1.6", "Q5.1.6\Q5.1.6.csproj", "{C5041277-874D-4CF0-B55D-9B649E697218}"
EndProject
Project("{9A19103F-16F7-4668-BE54-9A1E7A4F7556}") = "Q5.2.2", "Q5.2.2\Q5.2.2.csproj", "{CBE60902-F090-4027-951F-AB8631F776E6}"
EndProject
Project("{9A19103F-16F7-4668-BE54-9A1E7A4F7556}") = "Q5.2.8.I", "Q5.2.8.I\Q5.2.8.I.csproj", "{266FB754-A3C6-4640-ACE2-A8F43B54F41D}"
EndProject
Project("{9A19103F-16F7-4668-BE54-9A1E7A4F7556}") = "Q5.2.14", "Q5.2.14\Q5.2.14.csproj", "{7D570ADD-25D4-4B8F-B0CE-97A28E494963}"
EndProject
Project("{9A19103F-16F7-4668-BE54-9A1E7A4F7556}") = "Q5.2.15", "Q5.2.15\Q5.2.15.csproj", "{89F9A6BA-03F7-4B6C-8B0C-156FE3511A71}"
EndProject
Project("{9A19103F-16F7-4668-BE54-9A1E7A4F7556}") = "Q5.2.17", "Q5.2.17\Q5.2.17.csproj", "{9920EEA1-1894-4DD5-B2F8-863755ABB91A}"
EndProject
Project("{9A19103F-16F7-4668-BE54-9A1E7A4F7556}") = "Q5.2.18", "Q5.2.18\Q5.2.18.csproj", "{14A0B241-96DB-412F-967F-7273128A1418}"
EndProject
Project("{9A19103F-16F7-4668-BE54-9A1E7A4F7556}") = "Q5.3.1", "Q5.3.1\Q5.3.1.csproj", "{D48402EF-AF9F-40D6-A81F-BC86CA3F8059}"
EndProject
Project("{9A19103F-16F7-4668-BE54-9A1E7A4F7556}") = "Q5.3.13", "Q5.3.13\Q5.3.13.csproj", "{1ABF6632-DC70-4295-B7EA-130956963BD2}"
EndProject
Project("{9A19103F-16F7-4668-BE54-9A1E7A4F7556}") = "Q5.3.3", "Q5.3.3\Q5.3.3.csproj", "{972676AE-E03E-43D9-96CA-08BAD92D939D}"
EndProject
Project("{FAE04EC0-301F-11D3-BF4B-00C04F79EFBC}") = "Itogi5Modyl", "Itogi5Modyl\Itogi5Modyl.csproj", "{0F23E412-823F-41C4-A041-3C63922ED5F1}"
EndProject
Global
	GlobalSection(SolutionConfigurationPlatforms) = preSolution
		Debug|Any CPU = Debug|Any CPU
		Release|Any CPU = Release|Any CPU
	EndGlobalSection
	GlobalSection(ProjectConfigurationPlatforms) = postSolution
		{889903D8-43EA-453E-8C2B-469729B6D36F}.Debug|Any CPU.ActiveCfg = Debug|Any CPU
		{889903D8-43EA-453E-8C2B-469729B6D36F}.Debug|Any CPU.Build.0 = Debug|Any CPU
		{889903D8-43EA-453E-8C2B-469729B6D36F}.Release|Any CPU.ActiveCfg = Release|Any CPU
		{889903D8-43EA-453E-8C2B-469729B6D36F}.Release|Any CPU.Build.0 = Release|Any CPU
		{5855EF85-2005-4556-B16F-CAC353D11E2C}.Debug|Any CPU.ActiveCfg = Debug|Any CPU
		{5855EF85-2005-4556-B16F-CAC353D11E2C}.Debug|Any CPU.Build.0 = Debug|Any CPU
		{5855EF85-2005-4556-B16F-CAC353D11E2C}.Release|Any CPU.ActiveCfg = Release|Any CPU
		{5855EF85-2005-4556-B16F-CAC353D11E2C}.Release|Any CPU.Build.0 = Release|Any CPU
		{35D262F7-6575-4B77-A1E1-E96029A018F4}.Debug|Any CPU.ActiveCfg = Debug|Any CPU
		{35D262F7-6575-4B77-A1E1-E96029A018F4}.Debug|Any CPU.Build.0 = Debug|Any CPU
		{35D262F7-6575-4B77-A1E1-E96029A018F4}.Release|Any CPU.ActiveCfg = Release|Any CPU
		{35D262F7-6575-4B77-A1E1-E96029A018F4}.Release|Any CPU.Build.0 = Release|Any CPU
		{2DEDF0D8-2CCC-46F1-BDB7-53D06F9DC556}.Debug|Any CPU.ActiveCfg = Debug|Any CPU
		{2DEDF0D8-2CCC-46F1-BDB7-53D06F9DC556}.Debug|Any CPU.Build.0 = Debug|Any CPU
		{2DEDF0D8-2CCC-46F1-BDB7-53D06F9DC556}.Release|Any CPU.ActiveCfg = Release|Any CPU
		{2DEDF0D8-2CCC-46F1-BDB7-53D06F9DC556}.Release|Any CPU.Build.0 = Release|Any CPU
		{15EC51DA-095D-44C8-848D-780924700B7C}.Debug|Any CPU.ActiveCfg = Debug|Any CPU
		{15EC51DA-095D-44C8-848D-780924700B7C}.Debug|Any CPU.Build.0 = Debug|Any CPU
		{15EC51DA-095D-44C8-848D-780924700B7C}.Release|Any CPU.ActiveCfg = Release|Any CPU
		{15EC51DA-095D-44C8-848D-780924700B7C}.Release|Any CPU.Build.0 = Release|Any CPU
		{71B6C27D-6D67-4FC5-A219-DE1ADA3CA1B6}.Debug|Any CPU.ActiveCfg = Debug|Any CPU
		{71B6C27D-6D67-4FC5-A219-DE1ADA3CA1B6}.Debug|Any CPU.Build.0 = Debug|Any CPU
		{71B6C27D-6D67-4FC5-A219-DE1ADA3CA1B6}.Release|Any CPU.ActiveCfg = Release|Any CPU
		{71B6C27D-6D67-4FC5-A219-DE1ADA3CA1B6}.Release|Any CPU.Build.0 = Release|Any CPU
		{206AEEF0-94B9-4693-BB4A-9C554D4AD84F}.Debug|Any CPU.ActiveCfg = Debug|Any CPU
		{206AEEF0-94B9-4693-BB4A-9C554D4AD84F}.Debug|Any CPU.Build.0 = Debug|Any CPU
		{206AEEF0-94B9-4693-BB4A-9C554D4AD84F}.Release|Any CPU.ActiveCfg = Release|Any CPU
		{206AEEF0-94B9-4693-BB4A-9C554D4AD84F}.Release|Any CPU.Build.0 = Release|Any CPU
		{2E4CD0D5-2EBB-42F0-9104-F3ACA17F935F}.Debug|Any CPU.ActiveCfg = Debug|Any CPU
		{2E4CD0D5-2EBB-42F0-9104-F3ACA17F935F}.Debug|Any CPU.Build.0 = Debug|Any CPU
		{2E4CD0D5-2EBB-42F0-9104-F3ACA17F935F}.Release|Any CPU.ActiveCfg = Release|Any CPU
		{2E4CD0D5-2EBB-42F0-9104-F3ACA17F935F}.Release|Any CPU.Build.0 = Release|Any CPU
		{B315C2B0-73DF-4451-89F2-D8F0079F1171}.Debug|Any CPU.ActiveCfg = Debug|Any CPU
		{B315C2B0-73DF-4451-89F2-D8F0079F1171}.Debug|Any CPU.Build.0 = Debug|Any CPU
		{B315C2B0-73DF-4451-89F2-D8F0079F1171}.Release|Any CPU.ActiveCfg = Release|Any CPU
		{B315C2B0-73DF-4451-89F2-D8F0079F1171}.Release|Any CPU.Build.0 = Release|Any CPU
		{CF6541AD-9528-498A-9E8E-2B5868548E18}.Debug|Any CPU.ActiveCfg = Debug|Any CPU
		{CF6541AD-9528-498A-9E8E-2B5868548E18}.Debug|Any CPU.Build.0 = Debug|Any CPU
		{CF6541AD-9528-498A-9E8E-2B5868548E18}.Release|Any CPU.ActiveCfg = Release|Any CPU
		{CF6541AD-9528-498A-9E8E-2B5868548E18}.Release|Any CPU.Build.0 = Release|Any CPU
		{EA374915-BF7B-4A8D-A7D1-918498A322B3}.Debug|Any CPU.ActiveCfg = Debug|Any CPU
		{EA374915-BF7B-4A8D-A7D1-918498A322B3}.Debug|Any CPU.Build.0 = Debug|Any CPU
		{EA374915-BF7B-4A8D-A7D1-918498A322B3}.Release|Any CPU.ActiveCfg = Release|Any CPU
		{EA374915-BF7B-4A8D-A7D1-918498A322B3}.Release|Any CPU.Build.0 = Release|Any CPU
		{19E2A57A-7096-4F3A-90A5-8ACBE0C3964A}.Debug|Any CPU.ActiveCfg = Debug|Any CPU
		{19E2A57A-7096-4F3A-90A5-8ACBE0C3964A}.Debug|Any CPU.Build.0 = Debug|Any CPU
		{19E2A57A-7096-4F3A-90A5-8ACBE0C3964A}.Release|Any CPU.ActiveCfg = Release|Any CPU
		{19E2A57A-7096-4F3A-90A5-8ACBE0C3964A}.Release|Any CPU.Build.0 = Release|Any CPU
		{EF39FAF7-0291-417D-9439-3EE968CE5337}.Debug|Any CPU.ActiveCfg = Debug|Any CPU
		{EF39FAF7-0291-417D-9439-3EE968CE5337}.Debug|Any CPU.Build.0 = Debug|Any CPU
		{EF39FAF7-0291-417D-9439-3EE968CE5337}.Release|Any CPU.ActiveCfg = Release|Any CPU
		{EF39FAF7-0291-417D-9439-3EE968CE5337}.Release|Any CPU.Build.0 = Release|Any CPU
		{A17072C5-6332-47DB-A34C-EF315BFBD8E7}.Debug|Any CPU.ActiveCfg = Debug|Any CPU
		{A17072C5-6332-47DB-A34C-EF315BFBD8E7}.Debug|Any CPU.Build.0 = Debug|Any CPU
		{A17072C5-6332-47DB-A34C-EF315BFBD8E7}.Release|Any CPU.ActiveCfg = Release|Any CPU
		{A17072C5-6332-47DB-A34C-EF315BFBD8E7}.Release|Any CPU.Build.0 = Release|Any CPU
		{A59FAF7F-8E7B-4039-A6C2-03CA0AF9AC1B}.Debug|Any CPU.ActiveCfg = Debug|Any CPU
		{A59FAF7F-8E7B-4039-A6C2-03CA0AF9AC1B}.Debug|Any CPU.Build.0 = Debug|Any CPU
		{A59FAF7F-8E7B-4039-A6C2-03CA0AF9AC1B}.Release|Any CPU.ActiveCfg = Release|Any CPU
		{A59FAF7F-8E7B-4039-A6C2-03CA0AF9AC1B}.Release|Any CPU.Build.0 = Release|Any CPU
		{58572A7D-C5D3-435C-B33F-0A63C3964319}.Debug|Any CPU.ActiveCfg = Debug|Any CPU
		{58572A7D-C5D3-435C-B33F-0A63C3964319}.Debug|Any CPU.Build.0 = Debug|Any CPU
		{58572A7D-C5D3-435C-B33F-0A63C3964319}.Release|Any CPU.ActiveCfg = Release|Any CPU
		{58572A7D-C5D3-435C-B33F-0A63C3964319}.Release|Any CPU.Build.0 = Release|Any CPU
		{5582D30B-66E9-40E4-BE81-0B646DD9CFDB}.Debug|Any CPU.ActiveCfg = Debug|Any CPU
		{5582D30B-66E9-40E4-BE81-0B646DD9CFDB}.Debug|Any CPU.Build.0 = Debug|Any CPU
		{5582D30B-66E9-40E4-BE81-0B646DD9CFDB}.Release|Any CPU.ActiveCfg = Release|Any CPU
		{5582D30B-66E9-40E4-BE81-0B646DD9CFDB}.Release|Any CPU.Build.0 = Release|Any CPU
		{327B741E-2389-4C38-8237-AAC201496969}.Debug|Any CPU.ActiveCfg = Debug|Any CPU
		{327B741E-2389-4C38-8237-AAC201496969}.Debug|Any CPU.Build.0 = Debug|Any CPU
		{327B741E-2389-4C38-8237-AAC201496969}.Release|Any CPU.ActiveCfg = Release|Any CPU
		{327B741E-2389-4C38-8237-AAC201496969}.Release|Any CPU.Build.0 = Release|Any CPU
		{CC40138E-BFFD-4FD3-93D5-D56729F5F96E}.Debug|Any CPU.ActiveCfg = Debug|Any CPU
		{CC40138E-BFFD-4FD3-93D5-D56729F5F96E}.Debug|Any CPU.Build.0 = Debug|Any CPU
		{CC40138E-BFFD-4FD3-93D5-D56729F5F96E}.Release|Any CPU.ActiveCfg = Release|Any CPU
		{CC40138E-BFFD-4FD3-93D5-D56729F5F96E}.Release|Any CPU.Build.0 = Release|Any CPU
		{8FC5436B-2316-4CCA-AEA5-F3E1BA067CF5}.Debug|Any CPU.ActiveCfg = Debug|Any CPU
		{8FC5436B-2316-4CCA-AEA5-F3E1BA067CF5}.Debug|Any CPU.Build.0 = Debug|Any CPU
		{8FC5436B-2316-4CCA-AEA5-F3E1BA067CF5}.Release|Any CPU.ActiveCfg = Release|Any CPU
		{8FC5436B-2316-4CCA-AEA5-F3E1BA067CF5}.Release|Any CPU.Build.0 = Release|Any CPU
		{42EBF336-4CB9-4C30-8C8C-10E31F6671BE}.Debug|Any CPU.ActiveCfg = Debug|Any CPU
		{42EBF336-4CB9-4C30-8C8C-10E31F6671BE}.Debug|Any CPU.Build.0 = Debug|Any CPU
		{42EBF336-4CB9-4C30-8C8C-10E31F6671BE}.Release|Any CPU.ActiveCfg = Release|Any CPU
		{42EBF336-4CB9-4C30-8C8C-10E31F6671BE}.Release|Any CPU.Build.0 = Release|Any CPU
		{DDC6E7D2-6A5B-42DE-A1F2-6DE85C4E8070}.Debug|Any CPU.ActiveCfg = Debug|Any CPU
		{DDC6E7D2-6A5B-42DE-A1F2-6DE85C4E8070}.Debug|Any CPU.Build.0 = Debug|Any CPU
		{DDC6E7D2-6A5B-42DE-A1F2-6DE85C4E8070}.Release|Any CPU.ActiveCfg = Release|Any CPU
		{DDC6E7D2-6A5B-42DE-A1F2-6DE85C4E8070}.Release|Any CPU.Build.0 = Release|Any CPU
		{4CE1A6E3-E803-4501-814B-DCE59C502657}.Debug|Any CPU.ActiveCfg = Debug|Any CPU
		{4CE1A6E3-E803-4501-814B-DCE59C502657}.Debug|Any CPU.Build.0 = Debug|Any CPU
		{4CE1A6E3-E803-4501-814B-DCE59C502657}.Release|Any CPU.ActiveCfg = Release|Any CPU
		{4CE1A6E3-E803-4501-814B-DCE59C502657}.Release|Any CPU.Build.0 = Release|Any CPU
		{0167188A-FA66-4744-8BF1-3C6FD29DF2E7}.Debug|Any CPU.ActiveCfg = Debug|Any CPU
		{0167188A-FA66-4744-8BF1-3C6FD29DF2E7}.Debug|Any CPU.Build.0 = Debug|Any CPU
		{0167188A-FA66-4744-8BF1-3C6FD29DF2E7}.Release|Any CPU.ActiveCfg = Release|Any CPU
		{0167188A-FA66-4744-8BF1-3C6FD29DF2E7}.Release|Any CPU.Build.0 = Release|Any CPU
		{A12C4639-5A0B-4F5F-AE12-E8B05A39F390}.Debug|Any CPU.ActiveCfg = Debug|Any CPU
		{A12C4639-5A0B-4F5F-AE12-E8B05A39F390}.Debug|Any CPU.Build.0 = Debug|Any CPU
		{A12C4639-5A0B-4F5F-AE12-E8B05A39F390}.Release|Any CPU.ActiveCfg = Release|Any CPU
		{A12C4639-5A0B-4F5F-AE12-E8B05A39F390}.Release|Any CPU.Build.0 = Release|Any CPU
		{24189EF3-081A-4D95-A057-31F95D880F0B}.Debug|Any CPU.ActiveCfg = Debug|Any CPU
		{24189EF3-081A-4D95-A057-31F95D880F0B}.Debug|Any CPU.Build.0 = Debug|Any CPU
		{24189EF3-081A-4D95-A057-31F95D880F0B}.Release|Any CPU.ActiveCfg = Release|Any CPU
		{24189EF3-081A-4D95-A057-31F95D880F0B}.Release|Any CPU.Build.0 = Release|Any CPU
		{A2B195EC-15B3-485E-A510-95C517062D0B}.Debug|Any CPU.ActiveCfg = Debug|Any CPU
		{A2B195EC-15B3-485E-A510-95C517062D0B}.Debug|Any CPU.Build.0 = Debug|Any CPU
		{A2B195EC-15B3-485E-A510-95C517062D0B}.Release|Any CPU.ActiveCfg = Release|Any CPU
		{A2B195EC-15B3-485E-A510-95C517062D0B}.Release|Any CPU.Build.0 = Release|Any CPU
		{C5041277-874D-4CF0-B55D-9B649E697218}.Debug|Any CPU.ActiveCfg = Debug|Any CPU
		{C5041277-874D-4CF0-B55D-9B649E697218}.Debug|Any CPU.Build.0 = Debug|Any CPU
		{C5041277-874D-4CF0-B55D-9B649E697218}.Release|Any CPU.ActiveCfg = Release|Any CPU
		{C5041277-874D-4CF0-B55D-9B649E697218}.Release|Any CPU.Build.0 = Release|Any CPU
		{CBE60902-F090-4027-951F-AB8631F776E6}.Debug|Any CPU.ActiveCfg = Debug|Any CPU
		{CBE60902-F090-4027-951F-AB8631F776E6}.Debug|Any CPU.Build.0 = Debug|Any CPU
		{CBE60902-F090-4027-951F-AB8631F776E6}.Release|Any CPU.ActiveCfg = Release|Any CPU
		{CBE60902-F090-4027-951F-AB8631F776E6}.Release|Any CPU.Build.0 = Release|Any CPU
		{266FB754-A3C6-4640-ACE2-A8F43B54F41D}.Debug|Any CPU.ActiveCfg = Debug|Any CPU
		{266FB754-A3C6-4640-ACE2-A8F43B54F41D}.Debug|Any CPU.Build.0 = Debug|Any CPU
		{266FB754-A3C6-4640-ACE2-A8F43B54F41D}.Release|Any CPU.ActiveCfg = Release|Any CPU
		{266FB754-A3C6-4640-ACE2-A8F43B54F41D}.Release|Any CPU.Build.0 = Release|Any CPU
		{7D570ADD-25D4-4B8F-B0CE-97A28E494963}.Debug|Any CPU.ActiveCfg = Debug|Any CPU
		{7D570ADD-25D4-4B8F-B0CE-97A28E494963}.Debug|Any CPU.Build.0 = Debug|Any CPU
		{7D570ADD-25D4-4B8F-B0CE-97A28E494963}.Release|Any CPU.ActiveCfg = Release|Any CPU
		{7D570ADD-25D4-4B8F-B0CE-97A28E494963}.Release|Any CPU.Build.0 = Release|Any CPU
		{89F9A6BA-03F7-4B6C-8B0C-156FE3511A71}.Debug|Any CPU.ActiveCfg = Debug|Any CPU
		{89F9A6BA-03F7-4B6C-8B0C-156FE3511A71}.Debug|Any CPU.Build.0 = Debug|Any CPU
		{89F9A6BA-03F7-4B6C-8B0C-156FE3511A71}.Release|Any CPU.ActiveCfg = Release|Any CPU
		{89F9A6BA-03F7-4B6C-8B0C-156FE3511A71}.Release|Any CPU.Build.0 = Release|Any CPU
		{9920EEA1-1894-4DD5-B2F8-863755ABB91A}.Debug|Any CPU.ActiveCfg = Debug|Any CPU
		{9920EEA1-1894-4DD5-B2F8-863755ABB91A}.Debug|Any CPU.Build.0 = Debug|Any CPU
		{9920EEA1-1894-4DD5-B2F8-863755ABB91A}.Release|Any CPU.ActiveCfg = Release|Any CPU
		{9920EEA1-1894-4DD5-B2F8-863755ABB91A}.Release|Any CPU.Build.0 = Release|Any CPU
		{14A0B241-96DB-412F-967F-7273128A1418}.Debug|Any CPU.ActiveCfg = Debug|Any CPU
		{14A0B241-96DB-412F-967F-7273128A1418}.Debug|Any CPU.Build.0 = Debug|Any CPU
		{14A0B241-96DB-412F-967F-7273128A1418}.Release|Any CPU.ActiveCfg = Release|Any CPU
		{14A0B241-96DB-412F-967F-7273128A1418}.Release|Any CPU.Build.0 = Release|Any CPU
		{D48402EF-AF9F-40D6-A81F-BC86CA3F8059}.Debug|Any CPU.ActiveCfg = Debug|Any CPU
		{D48402EF-AF9F-40D6-A81F-BC86CA3F8059}.Debug|Any CPU.Build.0 = Debug|Any CPU
		{D48402EF-AF9F-40D6-A81F-BC86CA3F8059}.Release|Any CPU.ActiveCfg = Release|Any CPU
		{D48402EF-AF9F-40D6-A81F-BC86CA3F8059}.Release|Any CPU.Build.0 = Release|Any CPU
		{1ABF6632-DC70-4295-B7EA-130956963BD2}.Debug|Any CPU.ActiveCfg = Debug|Any CPU
		{1ABF6632-DC70-4295-B7EA-130956963BD2}.Debug|Any CPU.Build.0 = Debug|Any CPU
		{1ABF6632-DC70-4295-B7EA-130956963BD2}.Release|Any CPU.ActiveCfg = Release|Any CPU
		{1ABF6632-DC70-4295-B7EA-130956963BD2}.Release|Any CPU.Build.0 = Release|Any CPU
		{972676AE-E03E-43D9-96CA-08BAD92D939D}.Debug|Any CPU.ActiveCfg = Debug|Any CPU
		{972676AE-E03E-43D9-96CA-08BAD92D939D}.Debug|Any CPU.Build.0 = Debug|Any CPU
		{972676AE-E03E-43D9-96CA-08BAD92D939D}.Release|Any CPU.ActiveCfg = Release|Any CPU
		{972676AE-E03E-43D9-96CA-08BAD92D939D}.Release|Any CPU.Build.0 = Release|Any CPU
		{0F23E412-823F-41C4-A041-3C63922ED5F1}.Debug|Any CPU.ActiveCfg = Debug|Any CPU
		{0F23E412-823F-41C4-A041-3C63922ED5F1}.Debug|Any CPU.Build.0 = Debug|Any CPU
		{0F23E412-823F-41C4-A041-3C63922ED5F1}.Release|Any CPU.ActiveCfg = Release|Any CPU
		{0F23E412-823F-41C4-A041-3C63922ED5F1}.Release|Any CPU.Build.0 = Release|Any CPU
	EndGlobalSection
	GlobalSection(SolutionProperties) = preSolution
		HideSolutionNode = FALSE
	EndGlobalSection
	GlobalSection(ExtensibilityGlobals) = postSolution
		SolutionGuid = {0107F862-03FD-47FD-B80A-78D2438B64D6}
	EndGlobalSection
EndGlobal
